
Microsoft Visual Studio Solution File, Format Version 12.00
# Visual Studio Version 16
VisualStudioVersion = 16.0.30717.126
MinimumVisualStudioVersion = 10.0.40219.1
Project("{FAE04EC0-301F-11D3-BF4B-00C04F79EFBC}") = "Project2", "Project2\Project2.csproj", "{2C088096-E0AA-47E4-8F34-2056B10F7155}"
EndProject
Global
	GlobalSection(SolutionConfigurationPlatforms) = preSolution
		Debug|Any CPU = Debug|Any CPU
		Release|Any CPU = Release|Any CPU
	EndGlobalSection
	GlobalSection(ProjectConfigurationPlatforms) = postSolution
		{2C088096-E0AA-47E4-8F34-2056B10F7155}.Debug|Any CPU.ActiveCfg = Debug|Any CPU
		{2C088096-E0AA-47E4-8F34-2056B10F7155}.Debug|Any CPU.Build.0 = Debug|Any CPU
		{2C088096-E0AA-47E4-8F34-2056B10F7155}.Release|Any CPU.ActiveCfg = Release|Any CPU
		{2C088096-E0AA-47E4-8F34-2056B10F7155}.Release|Any CPU.Build.0 = Release|Any CPU
	EndGlobalSection
	GlobalSection(SolutionProperties) = preSolution
		HideSolutionNode = FALSE
	EndGlobalSection
	GlobalSection(ExtensibilityGlobals) = postSolution
		SolutionGuid = {742F4CD3-8F0B-4D0F-8EC9-79CC3E9946CB}
	EndGlobalSection
EndGlobal
